
Microsoft Visual Studio Solution File, Format Version 12.00
# Visual Studio Version 17
VisualStudioVersion = 17.5.002.0
MinimumVisualStudioVersion = 10.0.40219.1
Project("{9A19103F-16F7-4668-BE54-9A1E7A4F7556}") = "TestProject", "TestProject.csproj", "{B842C4B3-3D60-46A5-9FDF-D3A2E395D472}"
EndProject
Global
	GlobalSection(SolutionConfigurationPlatforms) = preSolution
		Debug|Any CPU = Debug|Any CPU
		Release|Any CPU = Release|Any CPU
	EndGlobalSection
	GlobalSection(ProjectConfigurationPlatforms) = postSolution
		{B842C4B3-3D60-46A5-9FDF-D3A2E395D472}.Debug|Any CPU.ActiveCfg = Debug|Any CPU
		{B842C4B3-3D60-46A5-9FDF-D3A2E395D472}.Debug|Any CPU.Build.0 = Debug|Any CPU
		{B842C4B3-3D60-46A5-9FDF-D3A2E395D472}.Release|Any CPU.ActiveCfg = Release|Any CPU
		{B842C4B3-3D60-46A5-9FDF-D3A2E395D472}.Release|Any CPU.Build.0 = Release|Any CPU
	EndGlobalSection
	GlobalSection(SolutionProperties) = preSolution
		HideSolutionNode = FALSE
	EndGlobalSection
	GlobalSection(ExtensibilityGlobals) = postSolution
		SolutionGuid = {F0973319-2238-4DDE-90B0-C3D4A50DB766}
	EndGlobalSection
EndGlobal
